
Microsoft Visual Studio Solution File, Format Version 12.00
# Visual Studio Version 17
VisualStudioVersion = 17.7.34031.279
MinimumVisualStudioVersion = 10.0.40219.1
Project("{8BC9CEB8-8B4A-11D0-8D11-00A0C91BC942}") = "Book Shop Management system in C++", "Book Shop Management system in C++.vcxproj", "{A1D64276-4668-4260-BCF0-6ED7D39AD95A}"
EndProject
Global
	GlobalSection(SolutionConfigurationPlatforms) = preSolution
		Debug|x64 = Debug|x64
		Debug|x86 = Debug|x86
		Release|x64 = Release|x64
		Release|x86 = Release|x86
	EndGlobalSection
	GlobalSection(ProjectConfigurationPlatforms) = postSolution
		{A1D64276-4668-4260-BCF0-6ED7D39AD95A}.Debug|x64.ActiveCfg = Debug|x64
		{A1D64276-4668-4260-BCF0-6ED7D39AD95A}.Debug|x64.Build.0 = Debug|x64
		{A1D64276-4668-4260-BCF0-6ED7D39AD95A}.Debug|x86.ActiveCfg = Debug|Win32
		{A1D64276-4668-4260-BCF0-6ED7D39AD95A}.Debug|x86.Build.0 = Debug|Win32
		{A1D64276-4668-4260-BCF0-6ED7D39AD95A}.Release|x64.ActiveCfg = Release|x64
		{A1D64276-4668-4260-BCF0-6ED7D39AD95A}.Release|x64.Build.0 = Release|x64
		{A1D64276-4668-4260-BCF0-6ED7D39AD95A}.Release|x86.ActiveCfg = Release|Win32
		{A1D64276-4668-4260-BCF0-6ED7D39AD95A}.Release|x86.Build.0 = Release|Win32
	EndGlobalSection
	GlobalSection(SolutionProperties) = preSolution
		HideSolutionNode = FALSE
	EndGlobalSection
	GlobalSection(ExtensibilityGlobals) = postSolution
		SolutionGuid = {F81A53F6-3886-4F32-8F39-CD50AEE0E180}
	EndGlobalSection
EndGlobal
